
Microsoft Visual Studio Solution File, Format Version 12.00
# Visual Studio Version 17
VisualStudioVersion = 17.0.31903.59
MinimumVisualStudioVersion = 10.0.40219.1
Project("{2150E333-8FDC-42A3-9474-1A3956D46DE8}") = "src", "src", "{827E0CD3-B72D-47B6-A68D-7590B98EB39B}"
EndProject
Project("{2150E333-8FDC-42A3-9474-1A3956D46DE8}") = "BuildingBlocks", "BuildingBlocks", "{90298CBA-BD6F-3A0A-69D5-97CAD7B05E7E}"
EndProject
Project("{FAE04EC0-301F-11D3-BF4B-00C04F79EFBC}") = "FGames.SharedKernel", "src\BuildingBlocks\FGames.SharedKernel\FGames.SharedKernel.csproj", "{2F2E942C-D297-4147-8786-FEAA6783FBA8}"
EndProject
Project("{FAE04EC0-301F-11D3-BF4B-00C04F79EFBC}") = "FGames.SharedKernel.Infrastructure", "src\BuildingBlocks\FGames.SharedKernel.Infrastructure\FGames.SharedKernel.Infrastructure.csproj", "{89A0D8F0-1A16-4952-B5E6-567064F8201A}"
EndProject
Project("{2150E333-8FDC-42A3-9474-1A3956D46DE8}") = "Host", "Host", "{981C2CF6-E5BB-602A-511C-234B538302B0}"
EndProject
Project("{FAE04EC0-301F-11D3-BF4B-00C04F79EFBC}") = "FGames.Api", "src\Host\FGames.Api\FGames.Api.csproj", "{788974A6-7FCC-414D-972D-E380330B92EE}"
EndProject
Project("{2150E333-8FDC-42A3-9474-1A3956D46DE8}") = "Modules", "Modules", "{EC447DCF-ABFA-6E24-52A5-D7FD48A5C558}"
EndProject
Project("{2150E333-8FDC-42A3-9474-1A3956D46DE8}") = "Users", "Users", "{A26F344D-182E-CE53-AD51-2154946AC6F3}"
EndProject
Project("{FAE04EC0-301F-11D3-BF4B-00C04F79EFBC}") = "FGames.Modules.Users.Api", "src\Modules\Users\FGames.Modules.Users.Api\FGames.Modules.Users.Api.csproj", "{AFC26D1F-D34E-4049-A21F-CE474AEE9DB7}"
EndProject
Project("{FAE04EC0-301F-11D3-BF4B-00C04F79EFBC}") = "FGames.Modules.Users.Application", "src\Modules\Users\FGames.Modules.Users.Application\FGames.Modules.Users.Application.csproj", "{9E9D6745-0C67-4419-9AF1-92F4AC66127E}"
EndProject
Project("{FAE04EC0-301F-11D3-BF4B-00C04F79EFBC}") = "FGames.Modules.Users.Domain", "src\Modules\Users\FGames.Modules.Users.Domain\FGames.Modules.Users.Domain.csproj", "{4B1425F9-D2F5-4AC7-A35A-26B2A01E695D}"
EndProject
Project("{FAE04EC0-301F-11D3-BF4B-00C04F79EFBC}") = "FGames.Modules.Users.Infrastructure", "src\Modules\Users\FGames.Modules.Users.Infrastructure\FGames.Modules.Users.Infrastructure.csproj", "{24005B60-0E50-4112-AA58-43D689EDA7D7}"
EndProject
Project("{2150E333-8FDC-42A3-9474-1A3956D46DE8}") = "Games", "Games", "{58DEE2D7-32BD-537C-1E71-87AB6BD65F6F}"
EndProject
Project("{FAE04EC0-301F-11D3-BF4B-00C04F79EFBC}") = "FGames.Modules.Games.Api", "src\Modules\Games\FGames.Modules.Games.Api\FGames.Modules.Games.Api.csproj", "{C267094B-4351-49AF-BD2D-46B7CFE6B526}"
EndProject
Project("{FAE04EC0-301F-11D3-BF4B-00C04F79EFBC}") = "FGames.Modules.Games.Application", "src\Modules\Games\FGames.Modules.Games.Application\FGames.Modules.Games.Application.csproj", "{116D5725-0717-4D60-B414-8DE625BD831B}"
EndProject
Project("{FAE04EC0-301F-11D3-BF4B-00C04F79EFBC}") = "FGames.Modules.Games.Domain", "src\Modules\Games\FGames.Modules.Games.Domain\FGames.Modules.Games.Domain.csproj", "{73D5B532-3B91-431D-B861-A7C4F8B96B97}"
EndProject
Project("{FAE04EC0-301F-11D3-BF4B-00C04F79EFBC}") = "FGames.Modules.Games.Infrastructure", "src\Modules\Games\FGames.Modules.Games.Infrastructure\FGames.Modules.Games.Infrastructure.csproj", "{FACC19D4-9F6D-434F-BBDF-D7A984C874E9}"
EndProject
Project("{2150E333-8FDC-42A3-9474-1A3956D46DE8}") = "Promotions", "Promotions", "{E8201EB3-2958-644C-E62A-8D6F7773571D}"
EndProject
Project("{FAE04EC0-301F-11D3-BF4B-00C04F79EFBC}") = "FGames.Modules.Promotions.Api", "src\Modules\Promotions\FGames.Modules.Promotions.Api\FGames.Modules.Promotions.Api.csproj", "{504887A8-AE9C-4A77-B364-F8724DEB2368}"
EndProject
Project("{FAE04EC0-301F-11D3-BF4B-00C04F79EFBC}") = "FGames.Modules.Promotions.Application", "src\Modules\Promotions\FGames.Modules.Promotions.Application\FGames.Modules.Promotions.Application.csproj", "{9F18DA44-11B1-4B6D-977C-9C4A1EE501A3}"
EndProject
Project("{FAE04EC0-301F-11D3-BF4B-00C04F79EFBC}") = "FGames.Modules.Promotions.Domain", "src\Modules\Promotions\FGames.Modules.Promotions.Domain\FGames.Modules.Promotions.Domain.csproj", "{E376B92F-76FC-4EF6-82D0-84F9CE2AA5C6}"
EndProject
Project("{FAE04EC0-301F-11D3-BF4B-00C04F79EFBC}") = "FGames.Modules.Promotions.Infrastructure", "src\Modules\Promotions\FGames.Modules.Promotions.Infrastructure\FGames.Modules.Promotions.Infrastructure.csproj", "{46159D60-C543-4CB3-B0AA-1F95B36BD1C4}"
EndProject
Project("{2150E333-8FDC-42A3-9474-1A3956D46DE8}") = "Library", "Library", "{00A6A0A3-D91A-7E5D-A1E5-F47F1FF0165C}"
EndProject
Project("{FAE04EC0-301F-11D3-BF4B-00C04F79EFBC}") = "FGames.Modules.Library.Api", "src\Modules\Library\FGames.Modules.Library.Api\FGames.Modules.Library.Api.csproj", "{E316D728-FE55-44A7-A0D1-A458E0647C97}"
EndProject
Project("{FAE04EC0-301F-11D3-BF4B-00C04F79EFBC}") = "FGames.Modules.Library.Application", "src\Modules\Library\FGames.Modules.Library.Application\FGames.Modules.Library.Application.csproj", "{26021CA1-F177-407C-A625-A99F4395B5A1}"
EndProject
Project("{FAE04EC0-301F-11D3-BF4B-00C04F79EFBC}") = "FGames.Modules.Library.Domain", "src\Modules\Library\FGames.Modules.Library.Domain\FGames.Modules.Library.Domain.csproj", "{DFB889A0-2643-49D8-8418-1C2D5239ED7F}"
EndProject
Project("{FAE04EC0-301F-11D3-BF4B-00C04F79EFBC}") = "FGames.Modules.Library.Infrastructure", "src\Modules\Library\FGames.Modules.Library.Infrastructure\FGames.Modules.Library.Infrastructure.csproj", "{0DA2E02F-AD9A-4276-B2C4-E82AE9FA8408}"
EndProject
Project("{2150E333-8FDC-42A3-9474-1A3956D46DE8}") = "tests", "tests", "{0AB3BF05-4346-4AA6-1389-037BE0695223}"
EndProject
Project("{FAE04EC0-301F-11D3-BF4B-00C04F79EFBC}") = "FGames.Modules.Games.Tests", "tests\FGames.Modules.Games.Tests\FGames.Modules.Games.Tests.csproj", "{2E6D0941-727C-43AA-A1EF-94D41166155E}"
EndProject
Project("{FAE04EC0-301F-11D3-BF4B-00C04F79EFBC}") = "FGames.Modules.Library.Tests", "tests\FGames.Modules.Library.Tests\FGames.Modules.Library.Tests.csproj", "{4C44D665-FF58-4B4B-B27C-C0E6BDF9D98F}"
EndProject
Project("{FAE04EC0-301F-11D3-BF4B-00C04F79EFBC}") = "FGames.Modules.Promotions.Tests", "tests\FGames.Modules.Promotions.Tests\FGames.Modules.Promotions.Tests.csproj", "{E2D6EDF1-3850-4206-94B4-87EA49196B95}"
EndProject
Project("{FAE04EC0-301F-11D3-BF4B-00C04F79EFBC}") = "FGames.Modules.Users.Tests", "tests\FGames.Modules.Users.Tests\FGames.Modules.Users.Tests.csproj", "{BEA266F4-9098-40EA-90FF-534C6400E660}"
EndProject
Global
	GlobalSection(SolutionConfigurationPlatforms) = preSolution
		Debug|Any CPU = Debug|Any CPU
		Debug|x64 = Debug|x64
		Debug|x86 = Debug|x86
		Release|Any CPU = Release|Any CPU
		Release|x64 = Release|x64
		Release|x86 = Release|x86
	EndGlobalSection
	GlobalSection(ProjectConfigurationPlatforms) = postSolution
		{2F2E942C-D297-4147-8786-FEAA6783FBA8}.Debug|Any CPU.ActiveCfg = Debug|Any CPU
		{2F2E942C-D297-4147-8786-FEAA6783FBA8}.Debug|Any CPU.Build.0 = Debug|Any CPU
		{2F2E942C-D297-4147-8786-FEAA6783FBA8}.Debug|x64.ActiveCfg = Debug|Any CPU
		{2F2E942C-D297-4147-8786-FEAA6783FBA8}.Debug|x64.Build.0 = Debug|Any CPU
		{2F2E942C-D297-4147-8786-FEAA6783FBA8}.Debug|x86.ActiveCfg = Debug|Any CPU
		{2F2E942C-D297-4147-8786-FEAA6783FBA8}.Debug|x86.Build.0 = Debug|Any CPU
		{2F2E942C-D297-4147-8786-FEAA6783FBA8}.Release|Any CPU.ActiveCfg = Release|Any CPU
		{2F2E942C-D297-4147-8786-FEAA6783FBA8}.Release|Any CPU.Build.0 = Release|Any CPU
		{2F2E942C-D297-4147-8786-FEAA6783FBA8}.Release|x64.ActiveCfg = Release|Any CPU
		{2F2E942C-D297-4147-8786-FEAA6783FBA8}.Release|x64.Build.0 = Release|Any CPU
		{2F2E942C-D297-4147-8786-FEAA6783FBA8}.Release|x86.ActiveCfg = Release|Any CPU
		{2F2E942C-D297-4147-8786-FEAA6783FBA8}.Release|x86.Build.0 = Release|Any CPU
		{89A0D8F0-1A16-4952-B5E6-567064F8201A}.Debug|Any CPU.ActiveCfg = Debug|Any CPU
		{89A0D8F0-1A16-4952-B5E6-567064F8201A}.Debug|Any CPU.Build.0 = Debug|Any CPU
		{89A0D8F0-1A16-4952-B5E6-567064F8201A}.Debug|x64.ActiveCfg = Debug|Any CPU
		{89A0D8F0-1A16-4952-B5E6-567064F8201A}.Debug|x64.Build.0 = Debug|Any CPU
		{89A0D8F0-1A16-4952-B5E6-567064F8201A}.Debug|x86.ActiveCfg = Debug|Any CPU
		{89A0D8F0-1A16-4952-B5E6-567064F8201A}.Debug|x86.Build.0 = Debug|Any CPU
		{89A0D8F0-1A16-4952-B5E6-567064F8201A}.Release|Any CPU.ActiveCfg = Release|Any CPU
		{89A0D8F0-1A16-4952-B5E6-567064F8201A}.Release|Any CPU.Build.0 = Release|Any CPU
		{89A0D8F0-1A16-4952-B5E6-567064F8201A}.Release|x64.ActiveCfg = Release|Any CPU
		{89A0D8F0-1A16-4952-B5E6-567064F8201A}.Release|x64.Build.0 = Release|Any CPU
		{89A0D8F0-1A16-4952-B5E6-567064F8201A}.Release|x86.ActiveCfg = Release|Any CPU
		{89A0D8F0-1A16-4952-B5E6-567064F8201A}.Release|x86.Build.0 = Release|Any CPU
		{788974A6-7FCC-414D-972D-E380330B92EE}.Debug|Any CPU.ActiveCfg = Debug|Any CPU
		{788974A6-7FCC-414D-972D-E380330B92EE}.Debug|Any CPU.Build.0 = Debug|Any CPU
		{788974A6-7FCC-414D-972D-E380330B92EE}.Debug|x64.ActiveCfg = Debug|Any CPU
		{788974A6-7FCC-414D-972D-E380330B92EE}.Debug|x64.Build.0 = Debug|Any CPU
		{788974A6-7FCC-414D-972D-E380330B92EE}.Debug|x86.ActiveCfg = Debug|Any CPU
		{788974A6-7FCC-414D-972D-E380330B92EE}.Debug|x86.Build.0 = Debug|Any CPU
		{788974A6-7FCC-414D-972D-E380330B92EE}.Release|Any CPU.ActiveCfg = Release|Any CPU
		{788974A6-7FCC-414D-972D-E380330B92EE}.Release|Any CPU.Build.0 = Release|Any CPU
		{788974A6-7FCC-414D-972D-E380330B92EE}.Release|x64.ActiveCfg = Release|Any CPU
		{788974A6-7FCC-414D-972D-E380330B92EE}.Release|x64.Build.0 = Release|Any CPU
		{788974A6-7FCC-414D-972D-E380330B92EE}.Release|x86.ActiveCfg = Release|Any CPU
		{788974A6-7FCC-414D-972D-E380330B92EE}.Release|x86.Build.0 = Release|Any CPU
		{AFC26D1F-D34E-4049-A21F-CE474AEE9DB7}.Debug|Any CPU.ActiveCfg = Debug|Any CPU
		{AFC26D1F-D34E-4049-A21F-CE474AEE9DB7}.Debug|Any CPU.Build.0 = Debug|Any CPU
		{AFC26D1F-D34E-4049-A21F-CE474AEE9DB7}.Debug|x64.ActiveCfg = Debug|Any CPU
		{AFC26D1F-D34E-4049-A21F-CE474AEE9DB7}.Debug|x64.Build.0 = Debug|Any CPU
		{AFC26D1F-D34E-4049-A21F-CE474AEE9DB7}.Debug|x86.ActiveCfg = Debug|Any CPU
		{AFC26D1F-D34E-4049-A21F-CE474AEE9DB7}.Debug|x86.Build.0 = Debug|Any CPU
		{AFC26D1F-D34E-4049-A21F-CE474AEE9DB7}.Release|Any CPU.ActiveCfg = Release|Any CPU
		{AFC26D1F-D34E-4049-A21F-CE474AEE9DB7}.Release|Any CPU.Build.0 = Release|Any CPU
		{AFC26D1F-D34E-4049-A21F-CE474AEE9DB7}.Release|x64.ActiveCfg = Release|Any CPU
		{AFC26D1F-D34E-4049-A21F-CE474AEE9DB7}.Release|x64.Build.0 = Release|Any CPU
		{AFC26D1F-D34E-4049-A21F-CE474AEE9DB7}.Release|x86.ActiveCfg = Release|Any CPU
		{AFC26D1F-D34E-4049-A21F-CE474AEE9DB7}.Release|x86.Build.0 = Release|Any CPU
		{9E9D6745-0C67-4419-9AF1-92F4AC66127E}.Debug|Any CPU.ActiveCfg = Debug|Any CPU
		{9E9D6745-0C67-4419-9AF1-92F4AC66127E}.Debug|Any CPU.Build.0 = Debug|Any CPU
		{9E9D6745-0C67-4419-9AF1-92F4AC66127E}.Debug|x64.ActiveCfg = Debug|Any CPU
		{9E9D6745-0C67-4419-9AF1-92F4AC66127E}.Debug|x64.Build.0 = Debug|Any CPU
		{9E9D6745-0C67-4419-9AF1-92F4AC66127E}.Debug|x86.ActiveCfg = Debug|Any CPU
		{9E9D6745-0C67-4419-9AF1-92F4AC66127E}.Debug|x86.Build.0 = Debug|Any CPU
		{9E9D6745-0C67-4419-9AF1-92F4AC66127E}.Release|Any CPU.ActiveCfg = Release|Any CPU
		{9E9D6745-0C67-4419-9AF1-92F4AC66127E}.Release|Any CPU.Build.0 = Release|Any CPU
		{9E9D6745-0C67-4419-9AF1-92F4AC66127E}.Release|x64.ActiveCfg = Release|Any CPU
		{9E9D6745-0C67-4419-9AF1-92F4AC66127E}.Release|x64.Build.0 = Release|Any CPU
		{9E9D6745-0C67-4419-9AF1-92F4AC66127E}.Release|x86.ActiveCfg = Release|Any CPU
		{9E9D6745-0C67-4419-9AF1-92F4AC66127E}.Release|x86.Build.0 = Release|Any CPU
		{4B1425F9-D2F5-4AC7-A35A-26B2A01E695D}.Debug|Any CPU.ActiveCfg = Debug|Any CPU
		{4B1425F9-D2F5-4AC7-A35A-26B2A01E695D}.Debug|Any CPU.Build.0 = Debug|Any CPU
		{4B1425F9-D2F5-4AC7-A35A-26B2A01E695D}.Debug|x64.ActiveCfg = Debug|Any CPU
		{4B1425F9-D2F5-4AC7-A35A-26B2A01E695D}.Debug|x64.Build.0 = Debug|Any CPU
		{4B1425F9-D2F5-4AC7-A35A-26B2A01E695D}.Debug|x86.ActiveCfg = Debug|Any CPU
		{4B1425F9-D2F5-4AC7-A35A-26B2A01E695D}.Debug|x86.Build.0 = Debug|Any CPU
		{4B1425F9-D2F5-4AC7-A35A-26B2A01E695D}.Release|Any CPU.ActiveCfg = Release|Any CPU
		{4B1425F9-D2F5-4AC7-A35A-26B2A01E695D}.Release|Any CPU.Build.0 = Release|Any CPU
		{4B1425F9-D2F5-4AC7-A35A-26B2A01E695D}.Release|x64.ActiveCfg = Release|Any CPU
		{4B1425F9-D2F5-4AC7-A35A-26B2A01E695D}.Release|x64.Build.0 = Release|Any CPU
		{4B1425F9-D2F5-4AC7-A35A-26B2A01E695D}.Release|x86.ActiveCfg = Release|Any CPU
		{4B1425F9-D2F5-4AC7-A35A-26B2A01E695D}.Release|x86.Build.0 = Release|Any CPU
		{24005B60-0E50-4112-AA58-43D689EDA7D7}.Debug|Any CPU.ActiveCfg = Debug|Any CPU
		{24005B60-0E50-4112-AA58-43D689EDA7D7}.Debug|Any CPU.Build.0 = Debug|Any CPU
		{24005B60-0E50-4112-AA58-43D689EDA7D7}.Debug|x64.ActiveCfg = Debug|Any CPU
		{24005B60-0E50-4112-AA58-43D689EDA7D7}.Debug|x64.Build.0 = Debug|Any CPU
		{24005B60-0E50-4112-AA58-43D689EDA7D7}.Debug|x86.ActiveCfg = Debug|Any CPU
		{24005B60-0E50-4112-AA58-43D689EDA7D7}.Debug|x86.Build.0 = Debug|Any CPU
		{24005B60-0E50-4112-AA58-43D689EDA7D7}.Release|Any CPU.ActiveCfg = Release|Any CPU
		{24005B60-0E50-4112-AA58-43D689EDA7D7}.Release|Any CPU.Build.0 = Release|Any CPU
		{24005B60-0E50-4112-AA58-43D689EDA7D7}.Release|x64.ActiveCfg = Release|Any CPU
		{24005B60-0E50-4112-AA58-43D689EDA7D7}.Release|x64.Build.0 = Release|Any CPU
		{24005B60-0E50-4112-AA58-43D689EDA7D7}.Release|x86.ActiveCfg = Release|Any CPU
		{24005B60-0E50-4112-AA58-43D689EDA7D7}.Release|x86.Build.0 = Release|Any CPU
		{C267094B-4351-49AF-BD2D-46B7CFE6B526}.Debug|Any CPU.ActiveCfg = Debug|Any CPU
		{C267094B-4351-49AF-BD2D-46B7CFE6B526}.Debug|Any CPU.Build.0 = Debug|Any CPU
		{C267094B-4351-49AF-BD2D-46B7CFE6B526}.Debug|x64.ActiveCfg = Debug|Any CPU
		{C267094B-4351-49AF-BD2D-46B7CFE6B526}.Debug|x64.Build.0 = Debug|Any CPU
		{C267094B-4351-49AF-BD2D-46B7CFE6B526}.Debug|x86.ActiveCfg = Debug|Any CPU
		{C267094B-4351-49AF-BD2D-46B7CFE6B526}.Debug|x86.Build.0 = Debug|Any CPU
		{C267094B-4351-49AF-BD2D-46B7CFE6B526}.Release|Any CPU.ActiveCfg = Release|Any CPU
		{C267094B-4351-49AF-BD2D-46B7CFE6B526}.Release|Any CPU.Build.0 = Release|Any CPU
		{C267094B-4351-49AF-BD2D-46B7CFE6B526}.Release|x64.ActiveCfg = Release|Any CPU
		{C267094B-4351-49AF-BD2D-46B7CFE6B526}.Release|x64.Build.0 = Release|Any CPU
		{C267094B-4351-49AF-BD2D-46B7CFE6B526}.Release|x86.ActiveCfg = Release|Any CPU
		{C267094B-4351-49AF-BD2D-46B7CFE6B526}.Release|x86.Build.0 = Release|Any CPU
		{116D5725-0717-4D60-B414-8DE625BD831B}.Debug|Any CPU.ActiveCfg = Debug|Any CPU
		{116D5725-0717-4D60-B414-8DE625BD831B}.Debug|Any CPU.Build.0 = Debug|Any CPU
		{116D5725-0717-4D60-B414-8DE625BD831B}.Debug|x64.ActiveCfg = Debug|Any CPU
		{116D5725-0717-4D60-B414-8DE625BD831B}.Debug|x64.Build.0 = Debug|Any CPU
		{116D5725-0717-4D60-B414-8DE625BD831B}.Debug|x86.ActiveCfg = Debug|Any CPU
		{116D5725-0717-4D60-B414-8DE625BD831B}.Debug|x86.Build.0 = Debug|Any CPU
		{116D5725-0717-4D60-B414-8DE625BD831B}.Release|Any CPU.ActiveCfg = Release|Any CPU
		{116D5725-0717-4D60-B414-8DE625BD831B}.Release|Any CPU.Build.0 = Release|Any CPU
		{116D5725-0717-4D60-B414-8DE625BD831B}.Release|x64.ActiveCfg = Release|Any CPU
		{116D5725-0717-4D60-B414-8DE625BD831B}.Release|x64.Build.0 = Release|Any CPU
		{116D5725-0717-4D60-B414-8DE625BD831B}.Release|x86.ActiveCfg = Release|Any CPU
		{116D5725-0717-4D60-B414-8DE625BD831B}.Release|x86.Build.0 = Release|Any CPU
		{73D5B532-3B91-431D-B861-A7C4F8B96B97}.Debug|Any CPU.ActiveCfg = Debug|Any CPU
		{73D5B532-3B91-431D-B861-A7C4F8B96B97}.Debug|Any CPU.Build.0 = Debug|Any CPU
		{73D5B532-3B91-431D-B861-A7C4F8B96B97}.Debug|x64.ActiveCfg = Debug|Any CPU
		{73D5B532-3B91-431D-B861-A7C4F8B96B97}.Debug|x64.Build.0 = Debug|Any CPU
		{73D5B532-3B91-431D-B861-A7C4F8B96B97}.Debug|x86.ActiveCfg = Debug|Any CPU
		{73D5B532-3B91-431D-B861-A7C4F8B96B97}.Debug|x86.Build.0 = Debug|Any CPU
		{73D5B532-3B91-431D-B861-A7C4F8B96B97}.Release|Any CPU.ActiveCfg = Release|Any CPU
		{73D5B532-3B91-431D-B861-A7C4F8B96B97}.Release|Any CPU.Build.0 = Release|Any CPU
		{73D5B532-3B91-431D-B861-A7C4F8B96B97}.Release|x64.ActiveCfg = Release|Any CPU
		{73D5B532-3B91-431D-B861-A7C4F8B96B97}.Release|x64.Build.0 = Release|Any CPU
		{73D5B532-3B91-431D-B861-A7C4F8B96B97}.Release|x86.ActiveCfg = Release|Any CPU
		{73D5B532-3B91-431D-B861-A7C4F8B96B97}.Release|x86.Build.0 = Release|Any CPU
		{FACC19D4-9F6D-434F-BBDF-D7A984C874E9}.Debug|Any CPU.ActiveCfg = Debug|Any CPU
		{FACC19D4-9F6D-434F-BBDF-D7A984C874E9}.Debug|Any CPU.Build.0 = Debug|Any CPU
		{FACC19D4-9F6D-434F-BBDF-D7A984C874E9}.Debug|x64.ActiveCfg = Debug|Any CPU
		{FACC19D4-9F6D-434F-BBDF-D7A984C874E9}.Debug|x64.Build.0 = Debug|Any CPU
		{FACC19D4-9F6D-434F-BBDF-D7A984C874E9}.Debug|x86.ActiveCfg = Debug|Any CPU
		{FACC19D4-9F6D-434F-BBDF-D7A984C874E9}.Debug|x86.Build.0 = Debug|Any CPU
		{FACC19D4-9F6D-434F-BBDF-D7A984C874E9}.Release|Any CPU.ActiveCfg = Release|Any CPU
		{FACC19D4-9F6D-434F-BBDF-D7A984C874E9}.Release|Any CPU.Build.0 = Release|Any CPU
		{FACC19D4-9F6D-434F-BBDF-D7A984C874E9}.Release|x64.ActiveCfg = Release|Any CPU
		{FACC19D4-9F6D-434F-BBDF-D7A984C874E9}.Release|x64.Build.0 = Release|Any CPU
		{FACC19D4-9F6D-434F-BBDF-D7A984C874E9}.Release|x86.ActiveCfg = Release|Any CPU
		{FACC19D4-9F6D-434F-BBDF-D7A984C874E9}.Release|x86.Build.0 = Release|Any CPU
		{504887A8-AE9C-4A77-B364-F8724DEB2368}.Debug|Any CPU.ActiveCfg = Debug|Any CPU
		{504887A8-AE9C-4A77-B364-F8724DEB2368}.Debug|Any CPU.Build.0 = Debug|Any CPU
		{504887A8-AE9C-4A77-B364-F8724DEB2368}.Debug|x64.ActiveCfg = Debug|Any CPU
		{504887A8-AE9C-4A77-B364-F8724DEB2368}.Debug|x64.Build.0 = Debug|Any CPU
		{504887A8-AE9C-4A77-B364-F8724DEB2368}.Debug|x86.ActiveCfg = Debug|Any CPU
		{504887A8-AE9C-4A77-B364-F8724DEB2368}.Debug|x86.Build.0 = Debug|Any CPU
		{504887A8-AE9C-4A77-B364-F8724DEB2368}.Release|Any CPU.ActiveCfg = Release|Any CPU
		{504887A8-AE9C-4A77-B364-F8724DEB2368}.Release|Any CPU.Build.0 = Release|Any CPU
		{504887A8-AE9C-4A77-B364-F8724DEB2368}.Release|x64.ActiveCfg = Release|Any CPU
		{504887A8-AE9C-4A77-B364-F8724DEB2368}.Release|x64.Build.0 = Release|Any CPU
		{504887A8-AE9C-4A77-B364-F8724DEB2368}.Release|x86.ActiveCfg = Release|Any CPU
		{504887A8-AE9C-4A77-B364-F8724DEB2368}.Release|x86.Build.0 = Release|Any CPU
		{9F18DA44-11B1-4B6D-977C-9C4A1EE501A3}.Debug|Any CPU.ActiveCfg = Debug|Any CPU
		{9F18DA44-11B1-4B6D-977C-9C4A1EE501A3}.Debug|Any CPU.Build.0 = Debug|Any CPU
		{9F18DA44-11B1-4B6D-977C-9C4A1EE501A3}.Debug|x64.ActiveCfg = Debug|Any CPU
		{9F18DA44-11B1-4B6D-977C-9C4A1EE501A3}.Debug|x64.Build.0 = Debug|Any CPU
		{9F18DA44-11B1-4B6D-977C-9C4A1EE501A3}.Debug|x86.ActiveCfg = Debug|Any CPU
		{9F18DA44-11B1-4B6D-977C-9C4A1EE501A3}.Debug|x86.Build.0 = Debug|Any CPU
		{9F18DA44-11B1-4B6D-977C-9C4A1EE501A3}.Release|Any CPU.ActiveCfg = Release|Any CPU
		{9F18DA44-11B1-4B6D-977C-9C4A1EE501A3}.Release|Any CPU.Build.0 = Release|Any CPU
		{9F18DA44-11B1-4B6D-977C-9C4A1EE501A3}.Release|x64.ActiveCfg = Release|Any CPU
		{9F18DA44-11B1-4B6D-977C-9C4A1EE501A3}.Release|x64.Build.0 = Release|Any CPU
		{9F18DA44-11B1-4B6D-977C-9C4A1EE501A3}.Release|x86.ActiveCfg = Release|Any CPU
		{9F18DA44-11B1-4B6D-977C-9C4A1EE501A3}.Release|x86.Build.0 = Release|Any CPU
		{E376B92F-76FC-4EF6-82D0-84F9CE2AA5C6}.Debug|Any CPU.ActiveCfg = Debug|Any CPU
		{E376B92F-76FC-4EF6-82D0-84F9CE2AA5C6}.Debug|Any CPU.Build.0 = Debug|Any CPU
		{E376B92F-76FC-4EF6-82D0-84F9CE2AA5C6}.Debug|x64.ActiveCfg = Debug|Any CPU
		{E376B92F-76FC-4EF6-82D0-84F9CE2AA5C6}.Debug|x64.Build.0 = Debug|Any CPU
		{E376B92F-76FC-4EF6-82D0-84F9CE2AA5C6}.Debug|x86.ActiveCfg = Debug|Any CPU
		{E376B92F-76FC-4EF6-82D0-84F9CE2AA5C6}.Debug|x86.Build.0 = Debug|Any CPU
		{E376B92F-76FC-4EF6-82D0-84F9CE2AA5C6}.Release|Any CPU.ActiveCfg = Release|Any CPU
		{E376B92F-76FC-4EF6-82D0-84F9CE2AA5C6}.Release|Any CPU.Build.0 = Release|Any CPU
		{E376B92F-76FC-4EF6-82D0-84F9CE2AA5C6}.Release|x64.ActiveCfg = Release|Any CPU
		{E376B92F-76FC-4EF6-82D0-84F9CE2AA5C6}.Release|x64.Build.0 = Release|Any CPU
		{E376B92F-76FC-4EF6-82D0-84F9CE2AA5C6}.Release|x86.ActiveCfg = Release|Any CPU
		{E376B92F-76FC-4EF6-82D0-84F9CE2AA5C6}.Release|x86.Build.0 = Release|Any CPU
		{46159D60-C543-4CB3-B0AA-1F95B36BD1C4}.Debug|Any CPU.ActiveCfg = Debug|Any CPU
		{46159D60-C543-4CB3-B0AA-1F95B36BD1C4}.Debug|Any CPU.Build.0 = Debug|Any CPU
		{46159D60-C543-4CB3-B0AA-1F95B36BD1C4}.Debug|x64.ActiveCfg = Debug|Any CPU
		{46159D60-C543-4CB3-B0AA-1F95B36BD1C4}.Debug|x64.Build.0 = Debug|Any CPU
		{46159D60-C543-4CB3-B0AA-1F95B36BD1C4}.Debug|x86.ActiveCfg = Debug|Any CPU
		{46159D60-C543-4CB3-B0AA-1F95B36BD1C4}.Debug|x86.Build.0 = Debug|Any CPU
		{46159D60-C543-4CB3-B0AA-1F95B36BD1C4}.Release|Any CPU.ActiveCfg = Release|Any CPU
		{46159D60-C543-4CB3-B0AA-1F95B36BD1C4}.Release|Any CPU.Build.0 = Release|Any CPU
		{46159D60-C543-4CB3-B0AA-1F95B36BD1C4}.Release|x64.ActiveCfg = Release|Any CPU
		{46159D60-C543-4CB3-B0AA-1F95B36BD1C4}.Release|x64.Build.0 = Release|Any CPU
		{46159D60-C543-4CB3-B0AA-1F95B36BD1C4}.Release|x86.ActiveCfg = Release|Any CPU
		{46159D60-C543-4CB3-B0AA-1F95B36BD1C4}.Release|x86.Build.0 = Release|Any CPU
		{E316D728-FE55-44A7-A0D1-A458E0647C97}.Debug|Any CPU.ActiveCfg = Debug|Any CPU
		{E316D728-FE55-44A7-A0D1-A458E0647C97}.Debug|Any CPU.Build.0 = Debug|Any CPU
		{E316D728-FE55-44A7-A0D1-A458E0647C97}.Debug|x64.ActiveCfg = Debug|Any CPU
		{E316D728-FE55-44A7-A0D1-A458E0647C97}.Debug|x64.Build.0 = Debug|Any CPU
		{E316D728-FE55-44A7-A0D1-A458E0647C97}.Debug|x86.ActiveCfg = Debug|Any CPU
		{E316D728-FE55-44A7-A0D1-A458E0647C97}.Debug|x86.Build.0 = Debug|Any CPU
		{E316D728-FE55-44A7-A0D1-A458E0647C97}.Release|Any CPU.ActiveCfg = Release|Any CPU
		{E316D728-FE55-44A7-A0D1-A458E0647C97}.Release|Any CPU.Build.0 = Release|Any CPU
		{E316D728-FE55-44A7-A0D1-A458E0647C97}.Release|x64.ActiveCfg = Release|Any CPU
		{E316D728-FE55-44A7-A0D1-A458E0647C97}.Release|x64.Build.0 = Release|Any CPU
		{E316D728-FE55-44A7-A0D1-A458E0647C97}.Release|x86.ActiveCfg = Release|Any CPU
		{E316D728-FE55-44A7-A0D1-A458E0647C97}.Release|x86.Build.0 = Release|Any CPU
		{26021CA1-F177-407C-A625-A99F4395B5A1}.Debug|Any CPU.ActiveCfg = Debug|Any CPU
		{26021CA1-F177-407C-A625-A99F4395B5A1}.Debug|Any CPU.Build.0 = Debug|Any CPU
		{26021CA1-F177-407C-A625-A99F4395B5A1}.Debug|x64.ActiveCfg = Debug|Any CPU
		{26021CA1-F177-407C-A625-A99F4395B5A1}.Debug|x64.Build.0 = Debug|Any CPU
		{26021CA1-F177-407C-A625-A99F4395B5A1}.Debug|x86.ActiveCfg = Debug|Any CPU
		{26021CA1-F177-407C-A625-A99F4395B5A1}.Debug|x86.Build.0 = Debug|Any CPU
		{26021CA1-F177-407C-A625-A99F4395B5A1}.Release|Any CPU.ActiveCfg = Release|Any CPU
		{26021CA1-F177-407C-A625-A99F4395B5A1}.Release|Any CPU.Build.0 = Release|Any CPU
		{26021CA1-F177-407C-A625-A99F4395B5A1}.Release|x64.ActiveCfg = Release|Any CPU
		{26021CA1-F177-407C-A625-A99F4395B5A1}.Release|x64.Build.0 = Release|Any CPU
		{26021CA1-F177-407C-A625-A99F4395B5A1}.Release|x86.ActiveCfg = Release|Any CPU
		{26021CA1-F177-407C-A625-A99F4395B5A1}.Release|x86.Build.0 = Release|Any CPU
		{DFB889A0-2643-49D8-8418-1C2D5239ED7F}.Debug|Any CPU.ActiveCfg = Debug|Any CPU
		{DFB889A0-2643-49D8-8418-1C2D5239ED7F}.Debug|Any CPU.Build.0 = Debug|Any CPU
		{DFB889A0-2643-49D8-8418-1C2D5239ED7F}.Debug|x64.ActiveCfg = Debug|Any CPU
		{DFB889A0-2643-49D8-8418-1C2D5239ED7F}.Debug|x64.Build.0 = Debug|Any CPU
		{DFB889A0-2643-49D8-8418-1C2D5239ED7F}.Debug|x86.ActiveCfg = Debug|Any CPU
		{DFB889A0-2643-49D8-8418-1C2D5239ED7F}.Debug|x86.Build.0 = Debug|Any CPU
		{DFB889A0-2643-49D8-8418-1C2D5239ED7F}.Release|Any CPU.ActiveCfg = Release|Any CPU
		{DFB889A0-2643-49D8-8418-1C2D5239ED7F}.Release|Any CPU.Build.0 = Release|Any CPU
		{DFB889A0-2643-49D8-8418-1C2D5239ED7F}.Release|x64.ActiveCfg = Release|Any CPU
		{DFB889A0-2643-49D8-8418-1C2D5239ED7F}.Release|x64.Build.0 = Release|Any CPU
		{DFB889A0-2643-49D8-8418-1C2D5239ED7F}.Release|x86.ActiveCfg = Release|Any CPU
		{DFB889A0-2643-49D8-8418-1C2D5239ED7F}.Release|x86.Build.0 = Release|Any CPU
		{0DA2E02F-AD9A-4276-B2C4-E82AE9FA8408}.Debug|Any CPU.ActiveCfg = Debug|Any CPU
		{0DA2E02F-AD9A-4276-B2C4-E82AE9FA8408}.Debug|Any CPU.Build.0 = Debug|Any CPU
		{0DA2E02F-AD9A-4276-B2C4-E82AE9FA8408}.Debug|x64.ActiveCfg = Debug|Any CPU
		{0DA2E02F-AD9A-4276-B2C4-E82AE9FA8408}.Debug|x64.Build.0 = Debug|Any CPU
		{0DA2E02F-AD9A-4276-B2C4-E82AE9FA8408}.Debug|x86.ActiveCfg = Debug|Any CPU
		{0DA2E02F-AD9A-4276-B2C4-E82AE9FA8408}.Debug|x86.Build.0 = Debug|Any CPU
		{0DA2E02F-AD9A-4276-B2C4-E82AE9FA8408}.Release|Any CPU.ActiveCfg = Release|Any CPU
		{0DA2E02F-AD9A-4276-B2C4-E82AE9FA8408}.Release|Any CPU.Build.0 = Release|Any CPU
		{0DA2E02F-AD9A-4276-B2C4-E82AE9FA8408}.Release|x64.ActiveCfg = Release|Any CPU
		{0DA2E02F-AD9A-4276-B2C4-E82AE9FA8408}.Release|x64.Build.0 = Release|Any CPU
		{0DA2E02F-AD9A-4276-B2C4-E82AE9FA8408}.Release|x86.ActiveCfg = Release|Any CPU
		{0DA2E02F-AD9A-4276-B2C4-E82AE9FA8408}.Release|x86.Build.0 = Release|Any CPU
		{2E6D0941-727C-43AA-A1EF-94D41166155E}.Debug|Any CPU.ActiveCfg = Debug|Any CPU
		{2E6D0941-727C-43AA-A1EF-94D41166155E}.Debug|Any CPU.Build.0 = Debug|Any CPU
		{2E6D0941-727C-43AA-A1EF-94D41166155E}.Debug|x64.ActiveCfg = Debug|Any CPU
		{2E6D0941-727C-43AA-A1EF-94D41166155E}.Debug|x64.Build.0 = Debug|Any CPU
		{2E6D0941-727C-43AA-A1EF-94D41166155E}.Debug|x86.ActiveCfg = Debug|Any CPU
		{2E6D0941-727C-43AA-A1EF-94D41166155E}.Debug|x86.Build.0 = Debug|Any CPU
		{2E6D0941-727C-43AA-A1EF-94D41166155E}.Release|Any CPU.ActiveCfg = Release|Any CPU
		{2E6D0941-727C-43AA-A1EF-94D41166155E}.Release|Any CPU.Build.0 = Release|Any CPU
		{2E6D0941-727C-43AA-A1EF-94D41166155E}.Release|x64.ActiveCfg = Release|Any CPU
		{2E6D0941-727C-43AA-A1EF-94D41166155E}.Release|x64.Build.0 = Release|Any CPU
		{2E6D0941-727C-43AA-A1EF-94D41166155E}.Release|x86.ActiveCfg = Release|Any CPU
		{2E6D0941-727C-43AA-A1EF-94D41166155E}.Release|x86.Build.0 = Release|Any CPU
		{4C44D665-FF58-4B4B-B27C-C0E6BDF9D98F}.Debug|Any CPU.ActiveCfg = Debug|Any CPU
		{4C44D665-FF58-4B4B-B27C-C0E6BDF9D98F}.Debug|Any CPU.Build.0 = Debug|Any CPU
		{4C44D665-FF58-4B4B-B27C-C0E6BDF9D98F}.Debug|x64.ActiveCfg = Debug|Any CPU
		{4C44D665-FF58-4B4B-B27C-C0E6BDF9D98F}.Debug|x64.Build.0 = Debug|Any CPU
		{4C44D665-FF58-4B4B-B27C-C0E6BDF9D98F}.Debug|x86.ActiveCfg = Debug|Any CPU
		{4C44D665-FF58-4B4B-B27C-C0E6BDF9D98F}.Debug|x86.Build.0 = Debug|Any CPU
		{4C44D665-FF58-4B4B-B27C-C0E6BDF9D98F}.Release|Any CPU.ActiveCfg = Release|Any CPU
		{4C44D665-FF58-4B4B-B27C-C0E6BDF9D98F}.Release|Any CPU.Build.0 = Release|Any CPU
		{4C44D665-FF58-4B4B-B27C-C0E6BDF9D98F}.Release|x64.ActiveCfg = Release|Any CPU
		{4C44D665-FF58-4B4B-B27C-C0E6BDF9D98F}.Release|x64.Build.0 = Release|Any CPU
		{4C44D665-FF58-4B4B-B27C-C0E6BDF9D98F}.Release|x86.ActiveCfg = Release|Any CPU
		{4C44D665-FF58-4B4B-B27C-C0E6BDF9D98F}.Release|x86.Build.0 = Release|Any CPU
		{E2D6EDF1-3850-4206-94B4-87EA49196B95}.Debug|Any CPU.ActiveCfg = Debug|Any CPU
		{E2D6EDF1-3850-4206-94B4-87EA49196B95}.Debug|Any CPU.Build.0 = Debug|Any CPU
		{E2D6EDF1-3850-4206-94B4-87EA49196B95}.Debug|x64.ActiveCfg = Debug|Any CPU
		{E2D6EDF1-3850-4206-94B4-87EA49196B95}.Debug|x64.Build.0 = Debug|Any CPU
		{E2D6EDF1-3850-4206-94B4-87EA49196B95}.Debug|x86.ActiveCfg = Debug|Any CPU
		{E2D6EDF1-3850-4206-94B4-87EA49196B95}.Debug|x86.Build.0 = Debug|Any CPU
		{E2D6EDF1-3850-4206-94B4-87EA49196B95}.Release|Any CPU.ActiveCfg = Release|Any CPU
		{E2D6EDF1-3850-4206-94B4-87EA49196B95}.Release|Any CPU.Build.0 = Release|Any CPU
		{E2D6EDF1-3850-4206-94B4-87EA49196B95}.Release|x64.ActiveCfg = Release|Any CPU
		{E2D6EDF1-3850-4206-94B4-87EA49196B95}.Release|x64.Build.0 = Release|Any CPU
		{E2D6EDF1-3850-4206-94B4-87EA49196B95}.Release|x86.ActiveCfg = Release|Any CPU
		{E2D6EDF1-3850-4206-94B4-87EA49196B95}.Release|x86.Build.0 = Release|Any CPU
		{BEA266F4-9098-40EA-90FF-534C6400E660}.Debug|Any CPU.ActiveCfg = Debug|Any CPU
		{BEA266F4-9098-40EA-90FF-534C6400E660}.Debug|Any CPU.Build.0 = Debug|Any CPU
		{BEA266F4-9098-40EA-90FF-534C6400E660}.Debug|x64.ActiveCfg = Debug|Any CPU
		{BEA266F4-9098-40EA-90FF-534C6400E660}.Debug|x64.Build.0 = Debug|Any CPU
		{BEA266F4-9098-40EA-90FF-534C6400E660}.Debug|x86.ActiveCfg = Debug|Any CPU
		{BEA266F4-9098-40EA-90FF-534C6400E660}.Debug|x86.Build.0 = Debug|Any CPU
		{BEA266F4-9098-40EA-90FF-534C6400E660}.Release|Any CPU.ActiveCfg = Release|Any CPU
		{BEA266F4-9098-40EA-90FF-534C6400E660}.Release|Any CPU.Build.0 = Release|Any CPU
		{BEA266F4-9098-40EA-90FF-534C6400E660}.Release|x64.ActiveCfg = Release|Any CPU
		{BEA266F4-9098-40EA-90FF-534C6400E660}.Release|x64.Build.0 = Release|Any CPU
		{BEA266F4-9098-40EA-90FF-534C6400E660}.Release|x86.ActiveCfg = Release|Any CPU
		{BEA266F4-9098-40EA-90FF-534C6400E660}.Release|x86.Build.0 = Release|Any CPU
	EndGlobalSection
	GlobalSection(SolutionProperties) = preSolution
		HideSolutionNode = FALSE
	EndGlobalSection
	GlobalSection(NestedProjects) = preSolution
		{90298CBA-BD6F-3A0A-69D5-97CAD7B05E7E} = {827E0CD3-B72D-47B6-A68D-7590B98EB39B}
		{2F2E942C-D297-4147-8786-FEAA6783FBA8} = {90298CBA-BD6F-3A0A-69D5-97CAD7B05E7E}
		{89A0D8F0-1A16-4952-B5E6-567064F8201A} = {90298CBA-BD6F-3A0A-69D5-97CAD7B05E7E}
		{981C2CF6-E5BB-602A-511C-234B538302B0} = {827E0CD3-B72D-47B6-A68D-7590B98EB39B}
		{788974A6-7FCC-414D-972D-E380330B92EE} = {981C2CF6-E5BB-602A-511C-234B538302B0}
		{EC447DCF-ABFA-6E24-52A5-D7FD48A5C558} = {827E0CD3-B72D-47B6-A68D-7590B98EB39B}
		{A26F344D-182E-CE53-AD51-2154946AC6F3} = {EC447DCF-ABFA-6E24-52A5-D7FD48A5C558}
		{AFC26D1F-D34E-4049-A21F-CE474AEE9DB7} = {A26F344D-182E-CE53-AD51-2154946AC6F3}
		{9E9D6745-0C67-4419-9AF1-92F4AC66127E} = {A26F344D-182E-CE53-AD51-2154946AC6F3}
		{4B1425F9-D2F5-4AC7-A35A-26B2A01E695D} = {A26F344D-182E-CE53-AD51-2154946AC6F3}
		{24005B60-0E50-4112-AA58-43D689EDA7D7} = {A26F344D-182E-CE53-AD51-2154946AC6F3}
		{58DEE2D7-32BD-537C-1E71-87AB6BD65F6F} = {EC447DCF-ABFA-6E24-52A5-D7FD48A5C558}
		{C267094B-4351-49AF-BD2D-46B7CFE6B526} = {58DEE2D7-32BD-537C-1E71-87AB6BD65F6F}
		{116D5725-0717-4D60-B414-8DE625BD831B} = {58DEE2D7-32BD-537C-1E71-87AB6BD65F6F}
		{73D5B532-3B91-431D-B861-A7C4F8B96B97} = {58DEE2D7-32BD-537C-1E71-87AB6BD65F6F}
		{FACC19D4-9F6D-434F-BBDF-D7A984C874E9} = {58DEE2D7-32BD-537C-1E71-87AB6BD65F6F}
		{E8201EB3-2958-644C-E62A-8D6F7773571D} = {EC447DCF-ABFA-6E24-52A5-D7FD48A5C558}
		{504887A8-AE9C-4A77-B364-F8724DEB2368} = {E8201EB3-2958-644C-E62A-8D6F7773571D}
		{9F18DA44-11B1-4B6D-977C-9C4A1EE501A3} = {E8201EB3-2958-644C-E62A-8D6F7773571D}
		{E376B92F-76FC-4EF6-82D0-84F9CE2AA5C6} = {E8201EB3-2958-644C-E62A-8D6F7773571D}
		{46159D60-C543-4CB3-B0AA-1F95B36BD1C4} = {E8201EB3-2958-644C-E62A-8D6F7773571D}
		{00A6A0A3-D91A-7E5D-A1E5-F47F1FF0165C} = {EC447DCF-ABFA-6E24-52A5-D7FD48A5C558}
		{E316D728-FE55-44A7-A0D1-A458E0647C97} = {00A6A0A3-D91A-7E5D-A1E5-F47F1FF0165C}
		{26021CA1-F177-407C-A625-A99F4395B5A1} = {00A6A0A3-D91A-7E5D-A1E5-F47F1FF0165C}
		{DFB889A0-2643-49D8-8418-1C2D5239ED7F} = {00A6A0A3-D91A-7E5D-A1E5-F47F1FF0165C}
		{0DA2E02F-AD9A-4276-B2C4-E82AE9FA8408} = {00A6A0A3-D91A-7E5D-A1E5-F47F1FF0165C}
		{2E6D0941-727C-43AA-A1EF-94D41166155E} = {0AB3BF05-4346-4AA6-1389-037BE0695223}
		{4C44D665-FF58-4B4B-B27C-C0E6BDF9D98F} = {0AB3BF05-4346-4AA6-1389-037BE0695223}
		{E2D6EDF1-3850-4206-94B4-87EA49196B95} = {0AB3BF05-4346-4AA6-1389-037BE0695223}
		{BEA266F4-9098-40EA-90FF-534C6400E660} = {0AB3BF05-4346-4AA6-1389-037BE0695223}
	EndGlobalSection
EndGlobal
